// !$*UTF8*$!
{
	archiveVersion = 1;
	classes = {
	};
	objectVersion = 56;
	objects = {

/* Begin PBXBuildFile section */
		482106D12AFD99ED004BCD12 /* TweetTableViewCell.swift in Sources */ = {isa = PBXBuildFile; fileRef = 482106D02AFD99ED004BCD12 /* TweetTableViewCell.swift */; };
		48256B322AFD4E5B00551C0C /* HomeViewController.swift in Sources */ = {isa = PBXBuildFile; fileRef = 48256B312AFD4E5B00551C0C /* HomeViewController.swift */; };
		48256B342AFD4E8800551C0C /* SearchViewController.swift in Sources */ = {isa = PBXBuildFile; fileRef = 48256B332AFD4E8800551C0C /* SearchViewController.swift */; };
		48256B362AFD4E9600551C0C /* NotificationsViewController.swift in Sources */ = {isa = PBXBuildFile; fileRef = 48256B352AFD4E9600551C0C /* NotificationsViewController.swift */; };
		48256B382AFD4EA300551C0C /* DirectMessageViewController.swift in Sources */ = {isa = PBXBuildFile; fileRef = 48256B372AFD4EA300551C0C /* DirectMessageViewController.swift */; };
		48326C172B0185AC00F7E2E9 /* RegisterViewModel.swift in Sources */ = {isa = PBXBuildFile; fileRef = 48326C162B0185AC00F7E2E9 /* RegisterViewModel.swift */; };
		48326C1A2B01997F00F7E2E9 /* AuthManager.swift in Sources */ = {isa = PBXBuildFile; fileRef = 48326C192B01997F00F7E2E9 /* AuthManager.swift */; };
		4854D30F2B01334D0065A8C6 /* GoogleService-Info.plist in Resources */ = {isa = PBXBuildFile; fileRef = 4854D30E2B01334D0065A8C6 /* GoogleService-Info.plist */; };
		4854D3122B0133FE0065A8C6 /* FirebaseAuth in Frameworks */ = {isa = PBXBuildFile; productRef = 4854D3112B0133FE0065A8C6 /* FirebaseAuth */; };
		4854D3142B0133FE0065A8C6 /* FirebaseAuthCombine-Community in Frameworks */ = {isa = PBXBuildFile; productRef = 4854D3132B0133FE0065A8C6 /* FirebaseAuthCombine-Community */; };
		4854D3162B0133FE0065A8C6 /* FirebaseDatabase in Frameworks */ = {isa = PBXBuildFile; productRef = 4854D3152B0133FE0065A8C6 /* FirebaseDatabase */; };
		4854D3182B0133FE0065A8C6 /* FirebaseDatabaseSwift in Frameworks */ = {isa = PBXBuildFile; productRef = 4854D3172B0133FE0065A8C6 /* FirebaseDatabaseSwift */; };
		4854D31A2B0133FE0065A8C6 /* FirebaseFirestore in Frameworks */ = {isa = PBXBuildFile; productRef = 4854D3192B0133FE0065A8C6 /* FirebaseFirestore */; };
		4854D31C2B0133FE0065A8C6 /* FirebaseFirestoreCombine-Community in Frameworks */ = {isa = PBXBuildFile; productRef = 4854D31B2B0133FE0065A8C6 /* FirebaseFirestoreCombine-Community */; };
		4854D31E2B0133FE0065A8C6 /* FirebaseFirestoreSwift in Frameworks */ = {isa = PBXBuildFile; productRef = 4854D31D2B0133FE0065A8C6 /* FirebaseFirestoreSwift */; };
		4854D3202B0133FE0065A8C6 /* FirebaseStorage in Frameworks */ = {isa = PBXBuildFile; productRef = 4854D31F2B0133FE0065A8C6 /* FirebaseStorage */; };
		4854D3222B0133FE0065A8C6 /* FirebaseStorageCombine-Community in Frameworks */ = {isa = PBXBuildFile; productRef = 4854D3212B0133FE0065A8C6 /* FirebaseStorageCombine-Community */; };
		4854D3252B0135900065A8C6 /* OnboardingViewController.swift in Sources */ = {isa = PBXBuildFile; fileRef = 4854D3242B0135900065A8C6 /* OnboardingViewController.swift */; };
		4883A8102AFED4AD00ABFA31 /* ProfileViewController.swift in Sources */ = {isa = PBXBuildFile; fileRef = 4883A80F2AFED4AD00ABFA31 /* ProfileViewController.swift */; };
		4883A8122AFEF5DD00ABFA31 /* ProfileTableViewHeader.swift in Sources */ = {isa = PBXBuildFile; fileRef = 4883A8112AFEF5DD00ABFA31 /* ProfileTableViewHeader.swift */; };
		48B4A6BD2AFD4C470035A6EC /* AppDelegate.swift in Sources */ = {isa = PBXBuildFile; fileRef = 48B4A6BC2AFD4C470035A6EC /* AppDelegate.swift */; };
		48B4A6BF2AFD4C470035A6EC /* SceneDelegate.swift in Sources */ = {isa = PBXBuildFile; fileRef = 48B4A6BE2AFD4C470035A6EC /* SceneDelegate.swift */; };
		48B4A6C12AFD4C470035A6EC /* MainTabbarController.swift in Sources */ = {isa = PBXBuildFile; fileRef = 48B4A6C02AFD4C470035A6EC /* MainTabbarController.swift */; };
		48B4A6C62AFD4C490035A6EC /* Assets.xcassets in Resources */ = {isa = PBXBuildFile; fileRef = 48B4A6C52AFD4C490035A6EC /* Assets.xcassets */; };
		48B4A6C92AFD4C490035A6EC /* LaunchScreen.storyboard in Resources */ = {isa = PBXBuildFile; fileRef = 48B4A6C72AFD4C490035A6EC /* LaunchScreen.storyboard */; };
		48B4A6D42AFD4C490035A6EC /* TwitterCloneTests.swift in Sources */ = {isa = PBXBuildFile; fileRef = 48B4A6D32AFD4C490035A6EC /* TwitterCloneTests.swift */; };
		48B4A6DE2AFD4C4A0035A6EC /* TwitterCloneUITests.swift in Sources */ = {isa = PBXBuildFile; fileRef = 48B4A6DD2AFD4C4A0035A6EC /* TwitterCloneUITests.swift */; };
		48B4A6E02AFD4C4A0035A6EC /* TwitterCloneUITestsLaunchTests.swift in Sources */ = {isa = PBXBuildFile; fileRef = 48B4A6DF2AFD4C4A0035A6EC /* TwitterCloneUITestsLaunchTests.swift */; };
		48D154772B0154AB006F0D14 /* RegisterViewController.swift in Sources */ = {isa = PBXBuildFile; fileRef = 48D154762B0154AB006F0D14 /* RegisterViewController.swift */; };
/* End PBXBuildFile section */

/* Begin PBXContainerItemProxy section */
		48B4A6D02AFD4C490035A6EC /* PBXContainerItemProxy */ = {
			isa = PBXContainerItemProxy;
			containerPortal = 48B4A6B12AFD4C470035A6EC /* Project object */;
			proxyType = 1;
			remoteGlobalIDString = 48B4A6B82AFD4C470035A6EC;
			remoteInfo = TwitterClone;
		};
		48B4A6DA2AFD4C4A0035A6EC /* PBXContainerItemProxy */ = {
			isa = PBXContainerItemProxy;
			containerPortal = 48B4A6B12AFD4C470035A6EC /* Project object */;
			proxyType = 1;
			remoteGlobalIDString = 48B4A6B82AFD4C470035A6EC;
			remoteInfo = TwitterClone;
		};
/* End PBXContainerItemProxy section */

/* Begin PBXFileReference section */
		482106D02AFD99ED004BCD12 /* TweetTableViewCell.swift */ = {isa = PBXFileReference; lastKnownFileType = sourcecode.swift; path = TweetTableViewCell.swift; sourceTree = "<group>"; };
		48256B312AFD4E5B00551C0C /* HomeViewController.swift */ = {isa = PBXFileReference; lastKnownFileType = sourcecode.swift; path = HomeViewController.swift; sourceTree = "<group>"; };
		48256B332AFD4E8800551C0C /* SearchViewController.swift */ = {isa = PBXFileReference; lastKnownFileType = sourcecode.swift; path = SearchViewController.swift; sourceTree = "<group>"; };
		48256B352AFD4E9600551C0C /* NotificationsViewController.swift */ = {isa = PBXFileReference; lastKnownFileType = sourcecode.swift; path = NotificationsViewController.swift; sourceTree = "<group>"; };
		48256B372AFD4EA300551C0C /* DirectMessageViewController.swift */ = {isa = PBXFileReference; lastKnownFileType = sourcecode.swift; path = DirectMessageViewController.swift; sourceTree = "<group>"; };
		48326C162B0185AC00F7E2E9 /* RegisterViewModel.swift */ = {isa = PBXFileReference; lastKnownFileType = sourcecode.swift; path = RegisterViewModel.swift; sourceTree = "<group>"; };
		48326C192B01997F00F7E2E9 /* AuthManager.swift */ = {isa = PBXFileReference; lastKnownFileType = sourcecode.swift; path = AuthManager.swift; sourceTree = "<group>"; };
		4854D30E2B01334D0065A8C6 /* GoogleService-Info.plist */ = {isa = PBXFileReference; fileEncoding = 4; lastKnownFileType = text.plist.xml; path = "GoogleService-Info.plist"; sourceTree = "<group>"; };
		4854D3242B0135900065A8C6 /* OnboardingViewController.swift */ = {isa = PBXFileReference; lastKnownFileType = sourcecode.swift; path = OnboardingViewController.swift; sourceTree = "<group>"; };
		4883A80F2AFED4AD00ABFA31 /* ProfileViewController.swift */ = {isa = PBXFileReference; lastKnownFileType = sourcecode.swift; path = ProfileViewController.swift; sourceTree = "<group>"; };
		4883A8112AFEF5DD00ABFA31 /* ProfileTableViewHeader.swift */ = {isa = PBXFileReference; lastKnownFileType = sourcecode.swift; path = ProfileTableViewHeader.swift; sourceTree = "<group>"; };
		48B4A6B92AFD4C470035A6EC /* TwitterClone.app */ = {isa = PBXFileReference; explicitFileType = wrapper.application; includeInIndex = 0; path = TwitterClone.app; sourceTree = BUILT_PRODUCTS_DIR; };
		48B4A6BC2AFD4C470035A6EC /* AppDelegate.swift */ = {isa = PBXFileReference; lastKnownFileType = sourcecode.swift; path = AppDelegate.swift; sourceTree = "<group>"; };
		48B4A6BE2AFD4C470035A6EC /* SceneDelegate.swift */ = {isa = PBXFileReference; lastKnownFileType = sourcecode.swift; path = SceneDelegate.swift; sourceTree = "<group>"; };
		48B4A6C02AFD4C470035A6EC /* MainTabbarController.swift */ = {isa = PBXFileReference; lastKnownFileType = sourcecode.swift; path = MainTabbarController.swift; sourceTree = "<group>"; };
		48B4A6C52AFD4C490035A6EC /* Assets.xcassets */ = {isa = PBXFileReference; lastKnownFileType = folder.assetcatalog; path = Assets.xcassets; sourceTree = "<group>"; };
		48B4A6C82AFD4C490035A6EC /* Base */ = {isa = PBXFileReference; lastKnownFileType = file.storyboard; name = Base; path = Base.lproj/LaunchScreen.storyboard; sourceTree = "<group>"; };
		48B4A6CA2AFD4C490035A6EC /* Info.plist */ = {isa = PBXFileReference; lastKnownFileType = text.plist.xml; path = Info.plist; sourceTree = "<group>"; };
		48B4A6CF2AFD4C490035A6EC /* TwitterCloneTests.xctest */ = {isa = PBXFileReference; explicitFileType = wrapper.cfbundle; includeInIndex = 0; path = TwitterCloneTests.xctest; sourceTree = BUILT_PRODUCTS_DIR; };
		48B4A6D32AFD4C490035A6EC /* TwitterCloneTests.swift */ = {isa = PBXFileReference; lastKnownFileType = sourcecode.swift; path = TwitterCloneTests.swift; sourceTree = "<group>"; };
		48B4A6D92AFD4C4A0035A6EC /* TwitterCloneUITests.xctest */ = {isa = PBXFileReference; explicitFileType = wrapper.cfbundle; includeInIndex = 0; path = TwitterCloneUITests.xctest; sourceTree = BUILT_PRODUCTS_DIR; };
		48B4A6DD2AFD4C4A0035A6EC /* TwitterCloneUITests.swift */ = {isa = PBXFileReference; lastKnownFileType = sourcecode.swift; path = TwitterCloneUITests.swift; sourceTree = "<group>"; };
		48B4A6DF2AFD4C4A0035A6EC /* TwitterCloneUITestsLaunchTests.swift */ = {isa = PBXFileReference; lastKnownFileType = sourcecode.swift; path = TwitterCloneUITestsLaunchTests.swift; sourceTree = "<group>"; };
		48D154762B0154AB006F0D14 /* RegisterViewController.swift */ = {isa = PBXFileReference; lastKnownFileType = sourcecode.swift; path = RegisterViewController.swift; sourceTree = "<group>"; };
/* End PBXFileReference section */

/* Begin PBXFrameworksBuildPhase section */
		48B4A6B62AFD4C470035A6EC /* Frameworks */ = {
			isa = PBXFrameworksBuildPhase;
			buildActionMask = 2147483647;
			files = (
				4854D3182B0133FE0065A8C6 /* FirebaseDatabaseSwift in Frameworks */,
				4854D3162B0133FE0065A8C6 /* FirebaseDatabase in Frameworks */,
				4854D3122B0133FE0065A8C6 /* FirebaseAuth in Frameworks */,
				4854D31E2B0133FE0065A8C6 /* FirebaseFirestoreSwift in Frameworks */,
				4854D31C2B0133FE0065A8C6 /* FirebaseFirestoreCombine-Community in Frameworks */,
				4854D3202B0133FE0065A8C6 /* FirebaseStorage in Frameworks */,
				4854D31A2B0133FE0065A8C6 /* FirebaseFirestore in Frameworks */,
				4854D3222B0133FE0065A8C6 /* FirebaseStorageCombine-Community in Frameworks */,
				4854D3142B0133FE0065A8C6 /* FirebaseAuthCombine-Community in Frameworks */,
			);
			runOnlyForDeploymentPostprocessing = 0;
		};
		48B4A6CC2AFD4C490035A6EC /* Frameworks */ = {
			isa = PBXFrameworksBuildPhase;
			buildActionMask = 2147483647;
			files = (
			);
			runOnlyForDeploymentPostprocessing = 0;
		};
		48B4A6D62AFD4C4A0035A6EC /* Frameworks */ = {
			isa = PBXFrameworksBuildPhase;
			buildActionMask = 2147483647;
			files = (
			);
			runOnlyForDeploymentPostprocessing = 0;
		};
/* End PBXFrameworksBuildPhase section */

/* Begin PBXGroup section */
		48256B2F2AFD4E2800551C0C /* Controllers */ = {
			isa = PBXGroup;
			children = (
				4854D3232B0135360065A8C6 /* Onboarding */,
				4883A80E2AFED49B00ABFA31 /* General */,
				48256B302AFD4E4400551C0C /* Core */,
			);
			path = Controllers;
			sourceTree = "<group>";
		};
		48256B302AFD4E4400551C0C /* Core */ = {
			isa = PBXGroup;
			children = (
				48B4A6C02AFD4C470035A6EC /* MainTabbarController.swift */,
				48256B312AFD4E5B00551C0C /* HomeViewController.swift */,
				48256B332AFD4E8800551C0C /* SearchViewController.swift */,
				48256B352AFD4E9600551C0C /* NotificationsViewController.swift */,
				48256B372AFD4EA300551C0C /* DirectMessageViewController.swift */,
			);
			path = Core;
			sourceTree = "<group>";
		};
		48256B392AFD594400551C0C /* Views */ = {
			isa = PBXGroup;
			children = (
				482106D02AFD99ED004BCD12 /* TweetTableViewCell.swift */,
				4883A8112AFEF5DD00ABFA31 /* ProfileTableViewHeader.swift */,
			);
			path = Views;
			sourceTree = "<group>";
		};
		48326C152B01859B00F7E2E9 /* ViewModels */ = {
			isa = PBXGroup;
			children = (
				48326C162B0185AC00F7E2E9 /* RegisterViewModel.swift */,
			);
			path = ViewModels;
			sourceTree = "<group>";
		};
		48326C182B01995800F7E2E9 /* Networking */ = {
			isa = PBXGroup;
			children = (
				48326C192B01997F00F7E2E9 /* AuthManager.swift */,
			);
			path = Networking;
			sourceTree = "<group>";
		};
		4854D3232B0135360065A8C6 /* Onboarding */ = {
			isa = PBXGroup;
			children = (
				4854D3242B0135900065A8C6 /* OnboardingViewController.swift */,
				48D154762B0154AB006F0D14 /* RegisterViewController.swift */,
			);
			path = Onboarding;
			sourceTree = "<group>";
		};
		4883A80E2AFED49B00ABFA31 /* General */ = {
			isa = PBXGroup;
			children = (
				4883A80F2AFED4AD00ABFA31 /* ProfileViewController.swift */,
			);
			path = General;
			sourceTree = "<group>";
		};
		48B4A6B02AFD4C470035A6EC = {
			isa = PBXGroup;
			children = (
				48B4A6BB2AFD4C470035A6EC /* TwitterClone */,
				48B4A6D22AFD4C490035A6EC /* TwitterCloneTests */,
				48B4A6DC2AFD4C4A0035A6EC /* TwitterCloneUITests */,
				48B4A6BA2AFD4C470035A6EC /* Products */,
			);
			sourceTree = "<group>";
		};
		48B4A6BA2AFD4C470035A6EC /* Products */ = {
			isa = PBXGroup;
			children = (
				48B4A6B92AFD4C470035A6EC /* TwitterClone.app */,
				48B4A6CF2AFD4C490035A6EC /* TwitterCloneTests.xctest */,
				48B4A6D92AFD4C4A0035A6EC /* TwitterCloneUITests.xctest */,
			);
			name = Products;
			sourceTree = "<group>";
		};
		48B4A6BB2AFD4C470035A6EC /* TwitterClone */ = {
			isa = PBXGroup;
			children = (
				48326C182B01995800F7E2E9 /* Networking */,
				48326C152B01859B00F7E2E9 /* ViewModels */,
				4854D30E2B01334D0065A8C6 /* GoogleService-Info.plist */,
				48256B392AFD594400551C0C /* Views */,
				48256B2F2AFD4E2800551C0C /* Controllers */,
				48B4A6BC2AFD4C470035A6EC /* AppDelegate.swift */,
				48B4A6BE2AFD4C470035A6EC /* SceneDelegate.swift */,
				48B4A6C52AFD4C490035A6EC /* Assets.xcassets */,
				48B4A6C72AFD4C490035A6EC /* LaunchScreen.storyboard */,
				48B4A6CA2AFD4C490035A6EC /* Info.plist */,
			);
			path = TwitterClone;
			sourceTree = "<group>";
		};
		48B4A6D22AFD4C490035A6EC /* TwitterCloneTests */ = {
			isa = PBXGroup;
			children = (
				48B4A6D32AFD4C490035A6EC /* TwitterCloneTests.swift */,
			);
			path = TwitterCloneTests;
			sourceTree = "<group>";
		};
		48B4A6DC2AFD4C4A0035A6EC /* TwitterCloneUITests */ = {
			isa = PBXGroup;
			children = (
				48B4A6DD2AFD4C4A0035A6EC /* TwitterCloneUITests.swift */,
				48B4A6DF2AFD4C4A0035A6EC /* TwitterCloneUITestsLaunchTests.swift */,
			);
			path = TwitterCloneUITests;
			sourceTree = "<group>";
		};
/* End PBXGroup section */

/* Begin PBXNativeTarget section */
		48B4A6B82AFD4C470035A6EC /* TwitterClone */ = {
			isa = PBXNativeTarget;
			buildConfigurationList = 48B4A6E32AFD4C4A0035A6EC /* Build configuration list for PBXNativeTarget "TwitterClone" */;
			buildPhases = (
				48B4A6B52AFD4C470035A6EC /* Sources */,
				48B4A6B62AFD4C470035A6EC /* Frameworks */,
				48B4A6B72AFD4C470035A6EC /* Resources */,
			);
			buildRules = (
			);
			dependencies = (
			);
			name = TwitterClone;
			packageProductDependencies = (
				4854D3112B0133FE0065A8C6 /* FirebaseAuth */,
				4854D3132B0133FE0065A8C6 /* FirebaseAuthCombine-Community */,
				4854D3152B0133FE0065A8C6 /* FirebaseDatabase */,
				4854D3172B0133FE0065A8C6 /* FirebaseDatabaseSwift */,
				4854D3192B0133FE0065A8C6 /* FirebaseFirestore */,
				4854D31B2B0133FE0065A8C6 /* FirebaseFirestoreCombine-Community */,
				4854D31D2B0133FE0065A8C6 /* FirebaseFirestoreSwift */,
				4854D31F2B0133FE0065A8C6 /* FirebaseStorage */,
				4854D3212B0133FE0065A8C6 /* FirebaseStorageCombine-Community */,
			);
			productName = TwitterClone;
			productReference = 48B4A6B92AFD4C470035A6EC /* TwitterClone.app */;
			productType = "com.apple.product-type.application";
		};
		48B4A6CE2AFD4C490035A6EC /* TwitterCloneTests */ = {
			isa = PBXNativeTarget;
			buildConfigurationList = 48B4A6E62AFD4C4A0035A6EC /* Build configuration list for PBXNativeTarget "TwitterCloneTests" */;
			buildPhases = (
				48B4A6CB2AFD4C490035A6EC /* Sources */,
				48B4A6CC2AFD4C490035A6EC /* Frameworks */,
				48B4A6CD2AFD4C490035A6EC /* Resources */,
			);
			buildRules = (
			);
			dependencies = (
				48B4A6D12AFD4C490035A6EC /* PBXTargetDependency */,
			);
			name = TwitterCloneTests;
			productName = TwitterCloneTests;
			productReference = 48B4A6CF2AFD4C490035A6EC /* TwitterCloneTests.xctest */;
			productType = "com.apple.product-type.bundle.unit-test";
		};
		48B4A6D82AFD4C4A0035A6EC /* TwitterCloneUITests */ = {
			isa = PBXNativeTarget;
			buildConfigurationList = 48B4A6E92AFD4C4A0035A6EC /* Build configuration list for PBXNativeTarget "TwitterCloneUITests" */;
			buildPhases = (
				48B4A6D52AFD4C4A0035A6EC /* Sources */,
				48B4A6D62AFD4C4A0035A6EC /* Frameworks */,
				48B4A6D72AFD4C4A0035A6EC /* Resources */,
			);
			buildRules = (
			);
			dependencies = (
				48B4A6DB2AFD4C4A0035A6EC /* PBXTargetDependency */,
			);
			name = TwitterCloneUITests;
			productName = TwitterCloneUITests;
			productReference = 48B4A6D92AFD4C4A0035A6EC /* TwitterCloneUITests.xctest */;
			productType = "com.apple.product-type.bundle.ui-testing";
		};
/* End PBXNativeTarget section */

/* Begin PBXProject section */
		48B4A6B12AFD4C470035A6EC /* Project object */ = {
			isa = PBXProject;
			attributes = {
				BuildIndependentTargetsInParallel = 1;
				LastSwiftUpdateCheck = 1500;
				LastUpgradeCheck = 1500;
				TargetAttributes = {
					48B4A6B82AFD4C470035A6EC = {
						CreatedOnToolsVersion = 15.0;
					};
					48B4A6CE2AFD4C490035A6EC = {
						CreatedOnToolsVersion = 15.0;
						TestTargetID = 48B4A6B82AFD4C470035A6EC;
					};
					48B4A6D82AFD4C4A0035A6EC = {
						CreatedOnToolsVersion = 15.0;
						TestTargetID = 48B4A6B82AFD4C470035A6EC;
					};
				};
			};
			buildConfigurationList = 48B4A6B42AFD4C470035A6EC /* Build configuration list for PBXProject "TwitterClone" */;
			compatibilityVersion = "Xcode 14.0";
			developmentRegion = en;
			hasScannedForEncodings = 0;
			knownRegions = (
				en,
				Base,
			);
			mainGroup = 48B4A6B02AFD4C470035A6EC;
			packageReferences = (
				4854D3102B0133FE0065A8C6 /* XCRemoteSwiftPackageReference "firebase-ios-sdk" */,
			);
			productRefGroup = 48B4A6BA2AFD4C470035A6EC /* Products */;
			projectDirPath = "";
			projectRoot = "";
			targets = (
				48B4A6B82AFD4C470035A6EC /* TwitterClone */,
				48B4A6CE2AFD4C490035A6EC /* TwitterCloneTests */,
				48B4A6D82AFD4C4A0035A6EC /* TwitterCloneUITests */,
			);
		};
/* End PBXProject section */

/* Begin PBXResourcesBuildPhase section */
		48B4A6B72AFD4C470035A6EC /* Resources */ = {
			isa = PBXResourcesBuildPhase;
			buildActionMask = 2147483647;
			files = (
				48B4A6C92AFD4C490035A6EC /* LaunchScreen.storyboard in Resources */,
				48B4A6C62AFD4C490035A6EC /* Assets.xcassets in Resources */,
				4854D30F2B01334D0065A8C6 /* GoogleService-Info.plist in Resources */,
			);
			runOnlyForDeploymentPostprocessing = 0;
		};
		48B4A6CD2AFD4C490035A6EC /* Resources */ = {
			isa = PBXResourcesBuildPhase;
			buildActionMask = 2147483647;
			files = (
			);
			runOnlyForDeploymentPostprocessing = 0;
		};
		48B4A6D72AFD4C4A0035A6EC /* Resources */ = {
			isa = PBXResourcesBuildPhase;
			buildActionMask = 2147483647;
			files = (
			);
			runOnlyForDeploymentPostprocessing = 0;
		};
/* End PBXResourcesBuildPhase section */

/* Begin PBXSourcesBuildPhase section */
		48B4A6B52AFD4C470035A6EC /* Sources */ = {
			isa = PBXSourcesBuildPhase;
			buildActionMask = 2147483647;
			files = (
				48256B342AFD4E8800551C0C /* SearchViewController.swift in Sources */,
				48326C1A2B01997F00F7E2E9 /* AuthManager.swift in Sources */,
				48B4A6C12AFD4C470035A6EC /* MainTabbarController.swift in Sources */,
				48B4A6BD2AFD4C470035A6EC /* AppDelegate.swift in Sources */,
				48D154772B0154AB006F0D14 /* RegisterViewController.swift in Sources */,
				48256B362AFD4E9600551C0C /* NotificationsViewController.swift in Sources */,
				48256B382AFD4EA300551C0C /* DirectMessageViewController.swift in Sources */,
				48B4A6BF2AFD4C470035A6EC /* SceneDelegate.swift in Sources */,
				4883A8102AFED4AD00ABFA31 /* ProfileViewController.swift in Sources */,
				48326C172B0185AC00F7E2E9 /* RegisterViewModel.swift in Sources */,
				48256B322AFD4E5B00551C0C /* HomeViewController.swift in Sources */,
				4883A8122AFEF5DD00ABFA31 /* ProfileTableViewHeader.swift in Sources */,
				4854D3252B0135900065A8C6 /* OnboardingViewController.swift in Sources */,
				482106D12AFD99ED004BCD12 /* TweetTableViewCell.swift in Sources */,
			);
			runOnlyForDeploymentPostprocessing = 0;
		};
		48B4A6CB2AFD4C490035A6EC /* Sources */ = {
			isa = PBXSourcesBuildPhase;
			buildActionMask = 2147483647;
			files = (
				48B4A6D42AFD4C490035A6EC /* TwitterCloneTests.swift in Sources */,
			);
			runOnlyForDeploymentPostprocessing = 0;
		};
		48B4A6D52AFD4C4A0035A6EC /* Sources */ = {
			isa = PBXSourcesBuildPhase;
			buildActionMask = 2147483647;
			files = (
				48B4A6E02AFD4C4A0035A6EC /* TwitterCloneUITestsLaunchTests.swift in Sources */,
				48B4A6DE2AFD4C4A0035A6EC /* TwitterCloneUITests.swift in Sources */,
			);
			runOnlyForDeploymentPostprocessing = 0;
		};
/* End PBXSourcesBuildPhase section */

/* Begin PBXTargetDependency section */
		48B4A6D12AFD4C490035A6EC /* PBXTargetDependency */ = {
			isa = PBXTargetDependency;
			target = 48B4A6B82AFD4C470035A6EC /* TwitterClone */;
			targetProxy = 48B4A6D02AFD4C490035A6EC /* PBXContainerItemProxy */;
		};
		48B4A6DB2AFD4C4A0035A6EC /* PBXTargetDependency */ = {
			isa = PBXTargetDependency;
			target = 48B4A6B82AFD4C470035A6EC /* TwitterClone */;
			targetProxy = 48B4A6DA2AFD4C4A0035A6EC /* PBXContainerItemProxy */;
		};
/* End PBXTargetDependency section */

/* Begin PBXVariantGroup section */
		48B4A6C72AFD4C490035A6EC /* LaunchScreen.storyboard */ = {
			isa = PBXVariantGroup;
			children = (
				48B4A6C82AFD4C490035A6EC /* Base */,
			);
			name = LaunchScreen.storyboard;
			sourceTree = "<group>";
		};
/* End PBXVariantGroup section */

/* Begin XCBuildConfiguration section */
		48B4A6E12AFD4C4A0035A6EC /* Debug */ = {
			isa = XCBuildConfiguration;
			buildSettings = {
				ALWAYS_SEARCH_USER_PATHS = NO;
				ASSETCATALOG_COMPILER_GENERATE_SWIFT_ASSET_SYMBOL_EXTENSIONS = YES;
				CLANG_ANALYZER_NONNULL = YES;
				CLANG_ANALYZER_NUMBER_OBJECT_CONVERSION = YES_AGGRESSIVE;
				CLANG_CXX_LANGUAGE_STANDARD = "gnu++20";
				CLANG_ENABLE_MODULES = YES;
				CLANG_ENABLE_OBJC_ARC = YES;
				CLANG_ENABLE_OBJC_WEAK = YES;
				CLANG_WARN_BLOCK_CAPTURE_AUTORELEASING = YES;
				CLANG_WARN_BOOL_CONVERSION = YES;
				CLANG_WARN_COMMA = YES;
				CLANG_WARN_CONSTANT_CONVERSION = YES;
				CLANG_WARN_DEPRECATED_OBJC_IMPLEMENTATIONS = YES;
				CLANG_WARN_DIRECT_OBJC_ISA_USAGE = YES_ERROR;
				CLANG_WARN_DOCUMENTATION_COMMENTS = YES;
				CLANG_WARN_EMPTY_BODY = YES;
				CLANG_WARN_ENUM_CONVERSION = YES;
				CLANG_WARN_INFINITE_RECURSION = YES;
				CLANG_WARN_INT_CONVERSION = YES;
				CLANG_WARN_NON_LITERAL_NULL_CONVERSION = YES;
				CLANG_WARN_OBJC_IMPLICIT_RETAIN_SELF = YES;
				CLANG_WARN_OBJC_LITERAL_CONVERSION = YES;
				CLANG_WARN_OBJC_ROOT_CLASS = YES_ERROR;
				CLANG_WARN_QUOTED_INCLUDE_IN_FRAMEWORK_HEADER = YES;
				CLANG_WARN_RANGE_LOOP_ANALYSIS = YES;
				CLANG_WARN_STRICT_PROTOTYPES = YES;
				CLANG_WARN_SUSPICIOUS_MOVE = YES;
				CLANG_WARN_UNGUARDED_AVAILABILITY = YES_AGGRESSIVE;
				CLANG_WARN_UNREACHABLE_CODE = YES;
				CLANG_WARN__DUPLICATE_METHOD_MATCH = YES;
				COPY_PHASE_STRIP = NO;
				DEBUG_INFORMATION_FORMAT = dwarf;
				ENABLE_STRICT_OBJC_MSGSEND = YES;
				ENABLE_TESTABILITY = YES;
				ENABLE_USER_SCRIPT_SANDBOXING = YES;
				GCC_C_LANGUAGE_STANDARD = gnu17;
				GCC_DYNAMIC_NO_PIC = NO;
				GCC_NO_COMMON_BLOCKS = YES;
				GCC_OPTIMIZATION_LEVEL = 0;
				GCC_PREPROCESSOR_DEFINITIONS = (
					"DEBUG=1",
					"$(inherited)",
				);
				GCC_WARN_64_TO_32_BIT_CONVERSION = YES;
				GCC_WARN_ABOUT_RETURN_TYPE = YES_ERROR;
				GCC_WARN_UNDECLARED_SELECTOR = YES;
				GCC_WARN_UNINITIALIZED_AUTOS = YES_AGGRESSIVE;
				GCC_WARN_UNUSED_FUNCTION = YES;
				GCC_WARN_UNUSED_VARIABLE = YES;
				IPHONEOS_DEPLOYMENT_TARGET = 17.0;
				LOCALIZATION_PREFERS_STRING_CATALOGS = YES;
				MTL_ENABLE_DEBUG_INFO = INCLUDE_SOURCE;
				MTL_FAST_MATH = YES;
				ONLY_ACTIVE_ARCH = YES;
				SDKROOT = iphoneos;
				SWIFT_ACTIVE_COMPILATION_CONDITIONS = "DEBUG $(inherited)";
				SWIFT_OPTIMIZATION_LEVEL = "-Onone";
			};
			name = Debug;
		};
		48B4A6E22AFD4C4A0035A6EC /* Release */ = {
			isa = XCBuildConfiguration;
			buildSettings = {
				ALWAYS_SEARCH_USER_PATHS = NO;
				ASSETCATALOG_COMPILER_GENERATE_SWIFT_ASSET_SYMBOL_EXTENSIONS = YES;
				CLANG_ANALYZER_NONNULL = YES;
				CLANG_ANALYZER_NUMBER_OBJECT_CONVERSION = YES_AGGRESSIVE;
				CLANG_CXX_LANGUAGE_STANDARD = "gnu++20";
				CLANG_ENABLE_MODULES = YES;
				CLANG_ENABLE_OBJC_ARC = YES;
				CLANG_ENABLE_OBJC_WEAK = YES;
				CLANG_WARN_BLOCK_CAPTURE_AUTORELEASING = YES;
				CLANG_WARN_BOOL_CONVERSION = YES;
				CLANG_WARN_COMMA = YES;
				CLANG_WARN_CONSTANT_CONVERSION = YES;
				CLANG_WARN_DEPRECATED_OBJC_IMPLEMENTATIONS = YES;
				CLANG_WARN_DIRECT_OBJC_ISA_USAGE = YES_ERROR;
				CLANG_WARN_DOCUMENTATION_COMMENTS = YES;
				CLANG_WARN_EMPTY_BODY = YES;
				CLANG_WARN_ENUM_CONVERSION = YES;
				CLANG_WARN_INFINITE_RECURSION = YES;
				CLANG_WARN_INT_CONVERSION = YES;
				CLANG_WARN_NON_LITERAL_NULL_CONVERSION = YES;
				CLANG_WARN_OBJC_IMPLICIT_RETAIN_SELF = YES;
				CLANG_WARN_OBJC_LITERAL_CONVERSION = YES;
				CLANG_WARN_OBJC_ROOT_CLASS = YES_ERROR;
				CLANG_WARN_QUOTED_INCLUDE_IN_FRAMEWORK_HEADER = YES;
				CLANG_WARN_RANGE_LOOP_ANALYSIS = YES;
				CLANG_WARN_STRICT_PROTOTYPES = YES;
				CLANG_WARN_SUSPICIOUS_MOVE = YES;
				CLANG_WARN_UNGUARDED_AVAILABILITY = YES_AGGRESSIVE;
				CLANG_WARN_UNREACHABLE_CODE = YES;
				CLANG_WARN__DUPLICATE_METHOD_MATCH = YES;
				COPY_PHASE_STRIP = NO;
				DEBUG_INFORMATION_FORMAT = "dwarf-with-dsym";
				ENABLE_NS_ASSERTIONS = NO;
				ENABLE_STRICT_OBJC_MSGSEND = YES;
				ENABLE_USER_SCRIPT_SANDBOXING = YES;
				GCC_C_LANGUAGE_STANDARD = gnu17;
				GCC_NO_COMMON_BLOCKS = YES;
				GCC_WARN_64_TO_32_BIT_CONVERSION = YES;
				GCC_WARN_ABOUT_RETURN_TYPE = YES_ERROR;
				GCC_WARN_UNDECLARED_SELECTOR = YES;
				GCC_WARN_UNINITIALIZED_AUTOS = YES_AGGRESSIVE;
				GCC_WARN_UNUSED_FUNCTION = YES;
				GCC_WARN_UNUSED_VARIABLE = YES;
				IPHONEOS_DEPLOYMENT_TARGET = 17.0;
				LOCALIZATION_PREFERS_STRING_CATALOGS = YES;
				MTL_ENABLE_DEBUG_INFO = NO;
				MTL_FAST_MATH = YES;
				SDKROOT = iphoneos;
				SWIFT_COMPILATION_MODE = wholemodule;
				VALIDATE_PRODUCT = YES;
			};
			name = Release;
		};
		48B4A6E42AFD4C4A0035A6EC /* Debug */ = {
			isa = XCBuildConfiguration;
			buildSettings = {
				ASSETCATALOG_COMPILER_APPICON_NAME = AppIcon;
				ASSETCATALOG_COMPILER_GLOBAL_ACCENT_COLOR_NAME = AccentColor;
				CODE_SIGN_STYLE = Automatic;
				CURRENT_PROJECT_VERSION = 1;
				GENERATE_INFOPLIST_FILE = YES;
				INFOPLIST_FILE = TwitterClone/Info.plist;
				INFOPLIST_KEY_UIApplicationSupportsIndirectInputEvents = YES;
				INFOPLIST_KEY_UILaunchStoryboardName = LaunchScreen;
				INFOPLIST_KEY_UISupportedInterfaceOrientations_iPad = "UIInterfaceOrientationPortrait UIInterfaceOrientationPortraitUpsideDown UIInterfaceOrientationLandscapeLeft UIInterfaceOrientationLandscapeRight";
				INFOPLIST_KEY_UISupportedInterfaceOrientations_iPhone = "UIInterfaceOrientationPortrait UIInterfaceOrientationLandscapeLeft UIInterfaceOrientationLandscapeRight";
				LD_RUNPATH_SEARCH_PATHS = (
					"$(inherited)",
					"@executable_path/Frameworks",
				);
				MARKETING_VERSION = 1.0;
				PRODUCT_BUNDLE_IDENTIFIER = com.omar.TwitterClone;
				PRODUCT_NAME = "$(TARGET_NAME)";
				SWIFT_EMIT_LOC_STRINGS = YES;
				SWIFT_VERSION = 5.0;
				TARGETED_DEVICE_FAMILY = "1,2";
			};
			name = Debug;
		};
		48B4A6E52AFD4C4A0035A6EC /* Release */ = {
			isa = XCBuildConfiguration;
			buildSettings = {
				ASSETCATALOG_COMPILER_APPICON_NAME = AppIcon;
				ASSETCATALOG_COMPILER_GLOBAL_ACCENT_COLOR_NAME = AccentColor;
				CODE_SIGN_STYLE = Automatic;
				CURRENT_PROJECT_VERSION = 1;
				GENERATE_INFOPLIST_FILE = YES;
				INFOPLIST_FILE = TwitterClone/Info.plist;
				INFOPLIST_KEY_UIApplicationSupportsIndirectInputEvents = YES;
				INFOPLIST_KEY_UILaunchStoryboardName = LaunchScreen;
				INFOPLIST_KEY_UISupportedInterfaceOrientations_iPad = "UIInterfaceOrientationPortrait UIInterfaceOrientationPortraitUpsideDown UIInterfaceOrientationLandscapeLeft UIInterfaceOrientationLandscapeRight";
				INFOPLIST_KEY_UISupportedInterfaceOrientations_iPhone = "UIInterfaceOrientationPortrait UIInterfaceOrientationLandscapeLeft UIInterfaceOrientationLandscapeRight";
				LD_RUNPATH_SEARCH_PATHS = (
					"$(inherited)",
					"@executable_path/Frameworks",
				);
				MARKETING_VERSION = 1.0;
				PRODUCT_BUNDLE_IDENTIFIER = com.omar.TwitterClone;
				PRODUCT_NAME = "$(TARGET_NAME)";
				SWIFT_EMIT_LOC_STRINGS = YES;
				SWIFT_VERSION = 5.0;
				TARGETED_DEVICE_FAMILY = "1,2";
			};
			name = Release;
		};
		48B4A6E72AFD4C4A0035A6EC /* Debug */ = {
			isa = XCBuildConfiguration;
			buildSettings = {
				ALWAYS_EMBED_SWIFT_STANDARD_LIBRARIES = YES;
				BUNDLE_LOADER = "$(TEST_HOST)";
				CODE_SIGN_STYLE = Automatic;
				CURRENT_PROJECT_VERSION = 1;
				GENERATE_INFOPLIST_FILE = YES;
				IPHONEOS_DEPLOYMENT_TARGET = 17.0;
				MARKETING_VERSION = 1.0;
				PRODUCT_BUNDLE_IDENTIFIER = com.omar.TwitterCloneTests;
				PRODUCT_NAME = "$(TARGET_NAME)";
				SWIFT_EMIT_LOC_STRINGS = NO;
				SWIFT_VERSION = 5.0;
				TARGETED_DEVICE_FAMILY = "1,2";
				TEST_HOST = "$(BUILT_PRODUCTS_DIR)/TwitterClone.app/$(BUNDLE_EXECUTABLE_FOLDER_PATH)/TwitterClone";
			};
			name = Debug;
		};
		48B4A6E82AFD4C4A0035A6EC /* Release */ = {
			isa = XCBuildConfiguration;
			buildSettings = {
				ALWAYS_EMBED_SWIFT_STANDARD_LIBRARIES = YES;
				BUNDLE_LOADER = "$(TEST_HOST)";
				CODE_SIGN_STYLE = Automatic;
				CURRENT_PROJECT_VERSION = 1;
				GENERATE_INFOPLIST_FILE = YES;
				IPHONEOS_DEPLOYMENT_TARGET = 17.0;
				MARKETING_VERSION = 1.0;
				PRODUCT_BUNDLE_IDENTIFIER = com.omar.TwitterCloneTests;
				PRODUCT_NAME = "$(TARGET_NAME)";
				SWIFT_EMIT_LOC_STRINGS = NO;
				SWIFT_VERSION = 5.0;
				TARGETED_DEVICE_FAMILY = "1,2";
				TEST_HOST = "$(BUILT_PRODUCTS_DIR)/TwitterClone.app/$(BUNDLE_EXECUTABLE_FOLDER_PATH)/TwitterClone";
			};
			name = Release;
		};
		48B4A6EA2AFD4C4A0035A6EC /* Debug */ = {
			isa = XCBuildConfiguration;
			buildSettings = {
				ALWAYS_EMBED_SWIFT_STANDARD_LIBRARIES = YES;
				CODE_SIGN_STYLE = Automatic;
				CURRENT_PROJECT_VERSION = 1;
				GENERATE_INFOPLIST_FILE = YES;
				MARKETING_VERSION = 1.0;
				PRODUCT_BUNDLE_IDENTIFIER = com.omar.TwitterCloneUITests;
				PRODUCT_NAME = "$(TARGET_NAME)";
				SWIFT_EMIT_LOC_STRINGS = NO;
				SWIFT_VERSION = 5.0;
				TARGETED_DEVICE_FAMILY = "1,2";
				TEST_TARGET_NAME = TwitterClone;
			};
			name = Debug;
		};
		48B4A6EB2AFD4C4A0035A6EC /* Release */ = {
			isa = XCBuildConfiguration;
			buildSettings = {
				ALWAYS_EMBED_SWIFT_STANDARD_LIBRARIES = YES;
				CODE_SIGN_STYLE = Automatic;
				CURRENT_PROJECT_VERSION = 1;
				GENERATE_INFOPLIST_FILE = YES;
				MARKETING_VERSION = 1.0;
				PRODUCT_BUNDLE_IDENTIFIER = com.omar.TwitterCloneUITests;
				PRODUCT_NAME = "$(TARGET_NAME)";
				SWIFT_EMIT_LOC_STRINGS = NO;
				SWIFT_VERSION = 5.0;
				TARGETED_DEVICE_FAMILY = "1,2";
				TEST_TARGET_NAME = TwitterClone;
			};
			name = Release;
		};
/* End XCBuildConfiguration section */

/* Begin XCConfigurationList section */
		48B4A6B42AFD4C470035A6EC /* Build configuration list for PBXProject "TwitterClone" */ = {
			isa = XCConfigurationList;
			buildConfigurations = (
				48B4A6E12AFD4C4A0035A6EC /* Debug */,
				48B4A6E22AFD4C4A0035A6EC /* Release */,
			);
			defaultConfigurationIsVisible = 0;
			defaultConfigurationName = Release;
		};
		48B4A6E32AFD4C4A0035A6EC /* Build configuration list for PBXNativeTarget "TwitterClone" */ = {
			isa = XCConfigurationList;
			buildConfigurations = (
				48B4A6E42AFD4C4A0035A6EC /* Debug */,
				48B4A6E52AFD4C4A0035A6EC /* Release */,
			);
			defaultConfigurationIsVisible = 0;
			defaultConfigurationName = Release;
		};
		48B4A6E62AFD4C4A0035A6EC /* Build configuration list for PBXNativeTarget "TwitterCloneTests" */ = {
			isa = XCConfigurationList;
			buildConfigurations = (
				48B4A6E72AFD4C4A0035A6EC /* Debug */,
				48B4A6E82AFD4C4A0035A6EC /* Release */,
			);
			defaultConfigurationIsVisible = 0;
			defaultConfigurationName = Release;
		};
		48B4A6E92AFD4C4A0035A6EC /* Build configuration list for PBXNativeTarget "TwitterCloneUITests" */ = {
			isa = XCConfigurationList;
			buildConfigurations = (
				48B4A6EA2AFD4C4A0035A6EC /* Debug */,
				48B4A6EB2AFD4C4A0035A6EC /* Release */,
			);
			defaultConfigurationIsVisible = 0;
			defaultConfigurationName = Release;
		};
/* End XCConfigurationList section */

/* Begin XCRemoteSwiftPackageReference section */
		4854D3102B0133FE0065A8C6 /* XCRemoteSwiftPackageReference "firebase-ios-sdk" */ = {
			isa = XCRemoteSwiftPackageReference;
			repositoryURL = "https://github.com/firebase/firebase-ios-sdk";
			requirement = {
				kind = upToNextMajorVersion;
				minimumVersion = 10.17.0;
			};
		};
/* End XCRemoteSwiftPackageReference section */

/* Begin XCSwiftPackageProductDependency section */
		4854D3112B0133FE0065A8C6 /* FirebaseAuth */ = {
			isa = XCSwiftPackageProductDependency;
			package = 4854D3102B0133FE0065A8C6 /* XCRemoteSwiftPackageReference "firebase-ios-sdk" */;
			productName = FirebaseAuth;
		};
		4854D3132B0133FE0065A8C6 /* FirebaseAuthCombine-Community */ = {
			isa = XCSwiftPackageProductDependency;
			package = 4854D3102B0133FE0065A8C6 /* XCRemoteSwiftPackageReference "firebase-ios-sdk" */;
			productName = "FirebaseAuthCombine-Community";
		};
		4854D3152B0133FE0065A8C6 /* FirebaseDatabase */ = {
			isa = XCSwiftPackageProductDependency;
			package = 4854D3102B0133FE0065A8C6 /* XCRemoteSwiftPackageReference "firebase-ios-sdk" */;
			productName = FirebaseDatabase;
		};
		4854D3172B0133FE0065A8C6 /* FirebaseDatabaseSwift */ = {
			isa = XCSwiftPackageProductDependency;
			package = 4854D3102B0133FE0065A8C6 /* XCRemoteSwiftPackageReference "firebase-ios-sdk" */;
			productName = FirebaseDatabaseSwift;
		};
		4854D3192B0133FE0065A8C6 /* FirebaseFirestore */ = {
			isa = XCSwiftPackageProductDependency;
			package = 4854D3102B0133FE0065A8C6 /* XCRemoteSwiftPackageReference "firebase-ios-sdk" */;
			productName = FirebaseFirestore;
		};
		4854D31B2B0133FE0065A8C6 /* FirebaseFirestoreCombine-Community */ = {
			isa = XCSwiftPackageProductDependency;
			package = 4854D3102B0133FE0065A8C6 /* XCRemoteSwiftPackageReference "firebase-ios-sdk" */;
			productName = "FirebaseFirestoreCombine-Community";
		};
		4854D31D2B0133FE0065A8C6 /* FirebaseFirestoreSwift */ = {
			isa = XCSwiftPackageProductDependency;
			package = 4854D3102B0133FE0065A8C6 /* XCRemoteSwiftPackageReference "firebase-ios-sdk" */;
			productName = FirebaseFirestoreSwift;
		};
		4854D31F2B0133FE0065A8C6 /* FirebaseStorage */ = {
			isa = XCSwiftPackageProductDependency;
			package = 4854D3102B0133FE0065A8C6 /* XCRemoteSwiftPackageReference "firebase-ios-sdk" */;
			productName = FirebaseStorage;
		};
		4854D3212B0133FE0065A8C6 /* FirebaseStorageCombine-Community */ = {
			isa = XCSwiftPackageProductDependency;
			package = 4854D3102B0133FE0065A8C6 /* XCRemoteSwiftPackageReference "firebase-ios-sdk" */;
			productName = "FirebaseStorageCombine-Community";
		};
/* End XCSwiftPackageProductDependency section */
	};
	rootObject = 48B4A6B12AFD4C470035A6EC /* Project object */;
}
